
Microsoft Visual Studio Solution File, Format Version 12.00
# Visual Studio Version 16
VisualStudioVersion = 16.0.31911.196
MinimumVisualStudioVersion = 10.0.40219.1
Project("{FAE04EC0-301F-11D3-BF4B-00C04F79EFBC}") = "ProjectManager", "ProjectManager\ProjectManager.csproj", "{08754336-B362-4F6D-8F80-B20EE067BEBE}"
EndProject
Project("{54435603-DBB4-11D2-8724-00A0C9A8B90C}") = "ProjectManagerSetup", "ProjectManagerSetup\ProjectManagerSetup.vdproj", "{15C06D1F-043C-493C-A06B-B5EE03D55EC1}"
EndProject
Global
	GlobalSection(SolutionConfigurationPlatforms) = preSolution
		Debug|Any CPU = Debug|Any CPU
		Release|Any CPU = Release|Any CPU
	EndGlobalSection
	GlobalSection(ProjectConfigurationPlatforms) = postSolution
		{08754336-B362-4F6D-8F80-B20EE067BEBE}.Debug|Any CPU.ActiveCfg = Debug|Any CPU
		{08754336-B362-4F6D-8F80-B20EE067BEBE}.Debug|Any CPU.Build.0 = Debug|Any CPU
		{08754336-B362-4F6D-8F80-B20EE067BEBE}.Release|Any CPU.ActiveCfg = Release|Any CPU
		{08754336-B362-4F6D-8F80-B20EE067BEBE}.Release|Any CPU.Build.0 = Release|Any CPU
		{15C06D1F-043C-493C-A06B-B5EE03D55EC1}.Debug|Any CPU.ActiveCfg = Debug
		{15C06D1F-043C-493C-A06B-B5EE03D55EC1}.Release|Any CPU.ActiveCfg = Release
	EndGlobalSection
	GlobalSection(SolutionProperties) = preSolution
		HideSolutionNode = FALSE
	EndGlobalSection
	GlobalSection(ExtensibilityGlobals) = postSolution
		SolutionGuid = {F190E2D9-DDE0-491A-8435-82C1656DE44E}
	EndGlobalSection
EndGlobal
